
Microsoft Visual Studio Solution File, Format Version 12.00
# Visual Studio Version 17
VisualStudioVersion = 17.10.35122.118
MinimumVisualStudioVersion = 10.0.40219.1
Project("{2150E333-8FDC-42A3-9474-1A3956D46DE8}") = "Services", "Services", "{ADA99148-B30E-45CB-9737-FB54E18DA52A}"
EndProject
Project("{2150E333-8FDC-42A3-9474-1A3956D46DE8}") = "Catalog", "Catalog", "{43A0DB1E-D031-4008-94E6-D021DA55E7F7}"
EndProject
Project("{9A19103F-16F7-4668-BE54-9A1E7A4F7556}") = "Catalog.API", "Services\Catalog\Catalog.API\Catalog.API.csproj", "{D49AC6C6-F6F9-4A93-9DC3-B108E34A4656}"
EndProject
Project("{2150E333-8FDC-42A3-9474-1A3956D46DE8}") = "BuildingBlocks", "BuildingBlocks", "{1A14AF7B-81A8-492A-A19E-77CDBF3211E7}"
EndProject
Project("{9A19103F-16F7-4668-BE54-9A1E7A4F7556}") = "BuildingBlocks", "BuildingBlocks\BuildingBlocks\BuildingBlocks.csproj", "{8ADE6B3E-7294-438A-B5D5-E62D8F8058D9}"
EndProject
Project("{E53339B2-1760-4266-BCC7-CA923CBCF16C}") = "docker-compose", "docker-compose.dcproj", "{EE983681-8A2E-4484-AE7E-58F16D6A1416}"
EndProject
Project("{2150E333-8FDC-42A3-9474-1A3956D46DE8}") = "Basket", "Basket", "{42D75309-E906-491D-AD60-2CC888B4D3A4}"
EndProject
Project("{9A19103F-16F7-4668-BE54-9A1E7A4F7556}") = "Basket.API", "Services\Basket\Basket\Basket.API.csproj", "{852B8E9B-9485-4A62-9183-CBA75FCE77C8}"
EndProject
Project("{2150E333-8FDC-42A3-9474-1A3956D46DE8}") = "Discount", "Discount", "{9F9E86AA-0D00-40A9-8389-32A6FC502D8E}"
EndProject
Project("{9A19103F-16F7-4668-BE54-9A1E7A4F7556}") = "Discount.Grpc", "Services\Discount\Discount.Grpc\Discount.Grpc.csproj", "{68EA9431-C9D2-46DC-9971-8EE32008FC23}"
EndProject
Project("{2150E333-8FDC-42A3-9474-1A3956D46DE8}") = "Ordering", "Ordering", "{46DFD7BA-C8B0-4DB5-A0A2-9D1AD8918BAA}"
EndProject
Project("{FAE04EC0-301F-11D3-BF4B-00C04F79EFBC}") = "Ordering.API", "Ordering\Ordering.API\Ordering.API.csproj", "{074FDCEA-5025-4DE4-8A47-CBAB3FBD850A}"
EndProject
Global
	GlobalSection(SolutionConfigurationPlatforms) = preSolution
		Debug|Any CPU = Debug|Any CPU
		Release|Any CPU = Release|Any CPU
	EndGlobalSection
	GlobalSection(ProjectConfigurationPlatforms) = postSolution
		{D49AC6C6-F6F9-4A93-9DC3-B108E34A4656}.Debug|Any CPU.ActiveCfg = Debug|Any CPU
		{D49AC6C6-F6F9-4A93-9DC3-B108E34A4656}.Debug|Any CPU.Build.0 = Debug|Any CPU
		{D49AC6C6-F6F9-4A93-9DC3-B108E34A4656}.Release|Any CPU.ActiveCfg = Release|Any CPU
		{D49AC6C6-F6F9-4A93-9DC3-B108E34A4656}.Release|Any CPU.Build.0 = Release|Any CPU
		{8ADE6B3E-7294-438A-B5D5-E62D8F8058D9}.Debug|Any CPU.ActiveCfg = Debug|Any CPU
		{8ADE6B3E-7294-438A-B5D5-E62D8F8058D9}.Debug|Any CPU.Build.0 = Debug|Any CPU
		{8ADE6B3E-7294-438A-B5D5-E62D8F8058D9}.Release|Any CPU.ActiveCfg = Release|Any CPU
		{8ADE6B3E-7294-438A-B5D5-E62D8F8058D9}.Release|Any CPU.Build.0 = Release|Any CPU
		{EE983681-8A2E-4484-AE7E-58F16D6A1416}.Debug|Any CPU.ActiveCfg = Debug|Any CPU
		{EE983681-8A2E-4484-AE7E-58F16D6A1416}.Debug|Any CPU.Build.0 = Debug|Any CPU
		{EE983681-8A2E-4484-AE7E-58F16D6A1416}.Release|Any CPU.ActiveCfg = Release|Any CPU
		{EE983681-8A2E-4484-AE7E-58F16D6A1416}.Release|Any CPU.Build.0 = Release|Any CPU
		{852B8E9B-9485-4A62-9183-CBA75FCE77C8}.Debug|Any CPU.ActiveCfg = Debug|Any CPU
		{852B8E9B-9485-4A62-9183-CBA75FCE77C8}.Debug|Any CPU.Build.0 = Debug|Any CPU
		{852B8E9B-9485-4A62-9183-CBA75FCE77C8}.Release|Any CPU.ActiveCfg = Release|Any CPU
		{852B8E9B-9485-4A62-9183-CBA75FCE77C8}.Release|Any CPU.Build.0 = Release|Any CPU
		{68EA9431-C9D2-46DC-9971-8EE32008FC23}.Debug|Any CPU.ActiveCfg = Debug|Any CPU
		{68EA9431-C9D2-46DC-9971-8EE32008FC23}.Debug|Any CPU.Build.0 = Debug|Any CPU
		{68EA9431-C9D2-46DC-9971-8EE32008FC23}.Release|Any CPU.ActiveCfg = Release|Any CPU
		{68EA9431-C9D2-46DC-9971-8EE32008FC23}.Release|Any CPU.Build.0 = Release|Any CPU
		{074FDCEA-5025-4DE4-8A47-CBAB3FBD850A}.Debug|Any CPU.ActiveCfg = Debug|Any CPU
		{074FDCEA-5025-4DE4-8A47-CBAB3FBD850A}.Debug|Any CPU.Build.0 = Debug|Any CPU
		{074FDCEA-5025-4DE4-8A47-CBAB3FBD850A}.Release|Any CPU.ActiveCfg = Release|Any CPU
		{074FDCEA-5025-4DE4-8A47-CBAB3FBD850A}.Release|Any CPU.Build.0 = Release|Any CPU
	EndGlobalSection
	GlobalSection(SolutionProperties) = preSolution
		HideSolutionNode = FALSE
	EndGlobalSection
	GlobalSection(NestedProjects) = preSolution
		{43A0DB1E-D031-4008-94E6-D021DA55E7F7} = {ADA99148-B30E-45CB-9737-FB54E18DA52A}
		{D49AC6C6-F6F9-4A93-9DC3-B108E34A4656} = {43A0DB1E-D031-4008-94E6-D021DA55E7F7}
		{8ADE6B3E-7294-438A-B5D5-E62D8F8058D9} = {1A14AF7B-81A8-492A-A19E-77CDBF3211E7}
		{42D75309-E906-491D-AD60-2CC888B4D3A4} = {ADA99148-B30E-45CB-9737-FB54E18DA52A}
		{852B8E9B-9485-4A62-9183-CBA75FCE77C8} = {42D75309-E906-491D-AD60-2CC888B4D3A4}
		{9F9E86AA-0D00-40A9-8389-32A6FC502D8E} = {ADA99148-B30E-45CB-9737-FB54E18DA52A}
		{68EA9431-C9D2-46DC-9971-8EE32008FC23} = {9F9E86AA-0D00-40A9-8389-32A6FC502D8E}
		{46DFD7BA-C8B0-4DB5-A0A2-9D1AD8918BAA} = {ADA99148-B30E-45CB-9737-FB54E18DA52A}
		{074FDCEA-5025-4DE4-8A47-CBAB3FBD850A} = {46DFD7BA-C8B0-4DB5-A0A2-9D1AD8918BAA}
	EndGlobalSection
	GlobalSection(ExtensibilityGlobals) = postSolution
		SolutionGuid = {7B48AF4E-3285-4591-A903-452514CD9E54}
	EndGlobalSection
EndGlobal
